// !$*UTF8*$!
{
	archiveVersion = 1;
	classes = {
	};
	objectVersion = 50;
	objects = {

/* Begin PBXBuildFile section */
		8C1CE7B824A233BC0010CBE4 /* AppDelegate.swift in Sources */ = {isa = PBXBuildFile; fileRef = 8C1CE7B724A233BC0010CBE4 /* AppDelegate.swift */; };
		8C1CE7BA24A233BC0010CBE4 /* SceneDelegate.swift in Sources */ = {isa = PBXBuildFile; fileRef = 8C1CE7B924A233BC0010CBE4 /* SceneDelegate.swift */; };
		8C1CE7BC24A233BC0010CBE4 /* ViewController.swift in Sources */ = {isa = PBXBuildFile; fileRef = 8C1CE7BB24A233BC0010CBE4 /* ViewController.swift */; };
		8C1CE7BF24A233BC0010CBE4 /* Main.storyboard in Resources */ = {isa = PBXBuildFile; fileRef = 8C1CE7BD24A233BC0010CBE4 /* Main.storyboard */; };
		8C1CE7C124A233BD0010CBE4 /* Assets.xcassets in Resources */ = {isa = PBXBuildFile; fileRef = 8C1CE7C024A233BD0010CBE4 /* Assets.xcassets */; };
		8C1CE7C424A233BD0010CBE4 /* LaunchScreen.storyboard in Resources */ = {isa = PBXBuildFile; fileRef = 8C1CE7C224A233BD0010CBE4 /* LaunchScreen.storyboard */; };
		8C5E16AE24A36F7A00C0C730 /* FilterCell.swift in Sources */ = {isa = PBXBuildFile; fileRef = 8C5E16AD24A36F7A00C0C730 /* FilterCell.swift */; };
		8C5E16B224A3714F00C0C730 /* Filters.swift in Sources */ = {isa = PBXBuildFile; fileRef = 8C5E16B124A3714F00C0C730 /* Filters.swift */; };
		8CB3D35D24A27303002AA510 /* EditingViewController.swift in Sources */ = {isa = PBXBuildFile; fileRef = 8CB3D35C24A27303002AA510 /* EditingViewController.swift */; };
/* End PBXBuildFile section */

/* Begin PBXFileReference section */
		8C1CE7B424A233BC0010CBE4 /* Filters.app */ = {isa = PBXFileReference; explicitFileType = wrapper.application; includeInIndex = 0; path = Filters.app; sourceTree = BUILT_PRODUCTS_DIR; };
		8C1CE7B724A233BC0010CBE4 /* AppDelegate.swift */ = {isa = PBXFileReference; lastKnownFileType = sourcecode.swift; path = AppDelegate.swift; sourceTree = "<group>"; };
		8C1CE7B924A233BC0010CBE4 /* SceneDelegate.swift */ = {isa = PBXFileReference; lastKnownFileType = sourcecode.swift; path = SceneDelegate.swift; sourceTree = "<group>"; };
		8C1CE7BB24A233BC0010CBE4 /* ViewController.swift */ = {isa = PBXFileReference; lastKnownFileType = sourcecode.swift; path = ViewController.swift; sourceTree = "<group>"; };
		8C1CE7BE24A233BC0010CBE4 /* Base */ = {isa = PBXFileReference; lastKnownFileType = file.storyboard; name = Base; path = Base.lproj/Main.storyboard; sourceTree = "<group>"; };
		8C1CE7C024A233BD0010CBE4 /* Assets.xcassets */ = {isa = PBXFileReference; lastKnownFileType = folder.assetcatalog; path = Assets.xcassets; sourceTree = "<group>"; };
		8C1CE7C324A233BD0010CBE4 /* Base */ = {isa = PBXFileReference; lastKnownFileType = file.storyboard; name = Base; path = Base.lproj/LaunchScreen.storyboard; sourceTree = "<group>"; };
		8C1CE7C524A233BD0010CBE4 /* Info.plist */ = {isa = PBXFileReference; lastKnownFileType = text.plist.xml; path = Info.plist; sourceTree = "<group>"; };
		8C5E16AD24A36F7A00C0C730 /* FilterCell.swift */ = {isa = PBXFileReference; lastKnownFileType = sourcecode.swift; path = FilterCell.swift; sourceTree = "<group>"; };
		8C5E16B124A3714F00C0C730 /* Filters.swift */ = {isa = PBXFileReference; lastKnownFileType = sourcecode.swift; path = Filters.swift; sourceTree = "<group>"; };
		8CB3D35C24A27303002AA510 /* EditingViewController.swift */ = {isa = PBXFileReference; lastKnownFileType = sourcecode.swift; path = EditingViewController.swift; sourceTree = "<group>"; };
/* End PBXFileReference section */

/* Begin PBXFrameworksBuildPhase section */
		8C1CE7B124A233BC0010CBE4 /* Frameworks */ = {
			isa = PBXFrameworksBuildPhase;
			buildActionMask = 2147483647;
			files = (
			);
			runOnlyForDeploymentPostprocessing = 0;
		};
/* End PBXFrameworksBuildPhase section */

/* Begin PBXGroup section */
		8C1CE7AB24A233BC0010CBE4 = {
			isa = PBXGroup;
			children = (
				8C1CE7B624A233BC0010CBE4 /* Filters */,
				8C1CE7B524A233BC0010CBE4 /* Products */,
			);
			sourceTree = "<group>";
		};
		8C1CE7B524A233BC0010CBE4 /* Products */ = {
			isa = PBXGroup;
			children = (
				8C1CE7B424A233BC0010CBE4 /* Filters.app */,
			);
			name = Products;
			sourceTree = "<group>";
		};
		8C1CE7B624A233BC0010CBE4 /* Filters */ = {
			isa = PBXGroup;
			children = (
				8C1CE7CD24A2361A0010CBE4 /* Controller */,
				8C1CE7CC24A236130010CBE4 /* View */,
				8C1CE7CB24A235F50010CBE4 /* Model */,
				8C1CE7C024A233BD0010CBE4 /* Assets.xcassets */,
				8C1CE7C224A233BD0010CBE4 /* LaunchScreen.storyboard */,
				8C1CE7C524A233BD0010CBE4 /* Info.plist */,
			);
			path = Filters;
			sourceTree = "<group>";
		};
		8C1CE7CB24A235F50010CBE4 /* Model */ = {
			isa = PBXGroup;
			children = (
				8C1CE7B724A233BC0010CBE4 /* AppDelegate.swift */,
				8C1CE7B924A233BC0010CBE4 /* SceneDelegate.swift */,
				8C5E16B124A3714F00C0C730 /* Filters.swift */,
			);
			path = Model;
			sourceTree = "<group>";
		};
		8C1CE7CC24A236130010CBE4 /* View */ = {
			isa = PBXGroup;
			children = (
				8C1CE7BD24A233BC0010CBE4 /* Main.storyboard */,
				8C5E16AD24A36F7A00C0C730 /* FilterCell.swift */,
			);
			path = View;
			sourceTree = "<group>";
		};
		8C1CE7CD24A2361A0010CBE4 /* Controller */ = {
			isa = PBXGroup;
			children = (
				8C1CE7BB24A233BC0010CBE4 /* ViewController.swift */,
				8CB3D35C24A27303002AA510 /* EditingViewController.swift */,
			);
			path = Controller;
			sourceTree = "<group>";
		};
/* End PBXGroup section */

/* Begin PBXNativeTarget section */
		8C1CE7B324A233BC0010CBE4 /* Filters */ = {
			isa = PBXNativeTarget;
			buildConfigurationList = 8C1CE7C824A233BD0010CBE4 /* Build configuration list for PBXNativeTarget "Filters" */;
			buildPhases = (
				8C1CE7B024A233BC0010CBE4 /* Sources */,
				8C1CE7B124A233BC0010CBE4 /* Frameworks */,
				8C1CE7B224A233BC0010CBE4 /* Resources */,
			);
			buildRules = (
			);
			dependencies = (
			);
			name = Filters;
			productName = Filters;
			productReference = 8C1CE7B424A233BC0010CBE4 /* Filters.app */;
			productType = "com.apple.product-type.application";
		};
/* End PBXNativeTarget section */

/* Begin PBXProject section */
		8C1CE7AC24A233BC0010CBE4 /* Project object */ = {
			isa = PBXProject;
			attributes = {
				LastSwiftUpdateCheck = 1130;
				LastUpgradeCheck = 1130;
				ORGANIZATIONNAME = "Asaduzzaman Anik";
				TargetAttributes = {
					8C1CE7B324A233BC0010CBE4 = {
						CreatedOnToolsVersion = 11.3.1;
					};
				};
			};
			buildConfigurationList = 8C1CE7AF24A233BC0010CBE4 /* Build configuration list for PBXProject "Filters" */;
			compatibilityVersion = "Xcode 9.3";
			developmentRegion = en;
			hasScannedForEncodings = 0;
			knownRegions = (
				en,
				Base,
			);
			mainGroup = 8C1CE7AB24A233BC0010CBE4;
			productRefGroup = 8C1CE7B524A233BC0010CBE4 /* Products */;
			projectDirPath = "";
			projectRoot = "";
			targets = (
				8C1CE7B324A233BC0010CBE4 /* Filters */,
			);
		};
/* End PBXProject section */

/* Begin PBXResourcesBuildPhase section */
		8C1CE7B224A233BC0010CBE4 /* Resources */ = {
			isa = PBXResourcesBuildPhase;
			buildActionMask = 2147483647;
			files = (
				8C1CE7C424A233BD0010CBE4 /* LaunchScreen.storyboard in Resources */,
				8C1CE7C124A233BD0010CBE4 /* Assets.xcassets in Resources */,
				8C1CE7BF24A233BC0010CBE4 /* Main.storyboard in Resources */,
			);
			runOnlyForDeploymentPostprocessing = 0;
		};
/* End PBXResourcesBuildPhase section */

/* Begin PBXSourcesBuildPhase section */
		8C1CE7B024A233BC0010CBE4 /* Sources */ = {
			isa = PBXSourcesBuildPhase;
			buildActionMask = 2147483647;
			files = (
				8C1CE7BC24A233BC0010CBE4 /* ViewController.swift in Sources */,
				8C5E16AE24A36F7A00C0C730 /* FilterCell.swift in Sources */,
				8C1CE7B824A233BC0010CBE4 /* AppDelegate.swift in Sources */,
				8C5E16B224A3714F00C0C730 /* Filters.swift in Sources */,
				8C1CE7BA24A233BC0010CBE4 /* SceneDelegate.swift in Sources */,
				8CB3D35D24A27303002AA510 /* EditingViewController.swift in Sources */,
			);
			runOnlyForDeploymentPostprocessing = 0;
		};
/* End PBXSourcesBuildPhase section */

/* Begin PBXVariantGroup section */
		8C1CE7BD24A233BC0010CBE4 /* Main.storyboard */ = {
			isa = PBXVariantGroup;
			children = (
				8C1CE7BE24A233BC0010CBE4 /* Base */,
			);
			name = Main.storyboard;
			sourceTree = "<group>";
		};
		8C1CE7C224A233BD0010CBE4 /* LaunchScreen.storyboard */ = {
			isa = PBXVariantGroup;
			children = (
				8C1CE7C324A233BD0010CBE4 /* Base */,
			);
			name = LaunchScreen.storyboard;
			sourceTree = "<group>";
		};
/* End PBXVariantGroup section */

/* Begin XCBuildConfiguration section */
		8C1CE7C624A233BD0010CBE4 /* Debug */ = {
			isa = XCBuildConfiguration;
			buildSettings = {
				ALWAYS_SEARCH_USER_PATHS = NO;
				CLANG_ANALYZER_NONNULL = YES;
				CLANG_ANALYZER_NUMBER_OBJECT_CONVERSION = YES_AGGRESSIVE;
				CLANG_CXX_LANGUAGE_STANDARD = "gnu++14";
				CLANG_CXX_LIBRARY = "libc++";
				CLANG_ENABLE_MODULES = YES;
				CLANG_ENABLE_OBJC_ARC = YES;
				CLANG_ENABLE_OBJC_WEAK = YES;
				CLANG_WARN_BLOCK_CAPTURE_AUTORELEASING = YES;
				CLANG_WARN_BOOL_CONVERSION = YES;
				CLANG_WARN_COMMA = YES;
				CLANG_WARN_CONSTANT_CONVERSION = YES;
				CLANG_WARN_DEPRECATED_OBJC_IMPLEMENTATIONS = YES;
				CLANG_WARN_DIRECT_OBJC_ISA_USAGE = YES_ERROR;
				CLANG_WARN_DOCUMENTATION_COMMENTS = YES;
				CLANG_WARN_EMPTY_BODY = YES;
				CLANG_WARN_ENUM_CONVERSION = YES;
				CLANG_WARN_INFINITE_RECURSION = YES;
				CLANG_WARN_INT_CONVERSION = YES;
				CLANG_WARN_NON_LITERAL_NULL_CONVERSION = YES;
				CLANG_WARN_OBJC_IMPLICIT_RETAIN_SELF = YES;
				CLANG_WARN_OBJC_LITERAL_CONVERSION = YES;
				CLANG_WARN_OBJC_ROOT_CLASS = YES_ERROR;
				CLANG_WARN_RANGE_LOOP_ANALYSIS = YES;
				CLANG_WARN_STRICT_PROTOTYPES = YES;
				CLANG_WARN_SUSPICIOUS_MOVE = YES;
				CLANG_WARN_UNGUARDED_AVAILABILITY = YES_AGGRESSIVE;
				CLANG_WARN_UNREACHABLE_CODE = YES;
				CLANG_WARN__DUPLICATE_METHOD_MATCH = YES;
				COPY_PHASE_STRIP = NO;
				DEBUG_INFORMATION_FORMAT = dwarf;
				ENABLE_STRICT_OBJC_MSGSEND = YES;
				ENABLE_TESTABILITY = YES;
				GCC_C_LANGUAGE_STANDARD = gnu11;
				GCC_DYNAMIC_NO_PIC = NO;
				GCC_NO_COMMON_BLOCKS = YES;
				GCC_OPTIMIZATION_LEVEL = 0;
				GCC_PREPROCESSOR_DEFINITIONS = (
					"DEBUG=1",
					"$(inherited)",
				);
				GCC_WARN_64_TO_32_BIT_CONVERSION = YES;
				GCC_WARN_ABOUT_RETURN_TYPE = YES_ERROR;
				GCC_WARN_UNDECLARED_SELECTOR = YES;
				GCC_WARN_UNINITIALIZED_AUTOS = YES_AGGRESSIVE;
				GCC_WARN_UNUSED_FUNCTION = YES;
				GCC_WARN_UNUSED_VARIABLE = YES;
				IPHONEOS_DEPLOYMENT_TARGET = 13.2;
				MTL_ENABLE_DEBUG_INFO = INCLUDE_SOURCE;
				MTL_FAST_MATH = YES;
				ONLY_ACTIVE_ARCH = YES;
				SDKROOT = iphoneos;
				SWIFT_ACTIVE_COMPILATION_CONDITIONS = DEBUG;
				SWIFT_OPTIMIZATION_LEVEL = "-Onone";
			};
			name = Debug;
		};
		8C1CE7C724A233BD0010CBE4 /* Release */ = {
			isa = XCBuildConfiguration;
			buildSettings = {
				ALWAYS_SEARCH_USER_PATHS = NO;
				CLANG_ANALYZER_NONNULL = YES;
				CLANG_ANALYZER_NUMBER_OBJECT_CONVERSION = YES_AGGRESSIVE;
				CLANG_CXX_LANGUAGE_STANDARD = "gnu++14";
				CLANG_CXX_LIBRARY = "libc++";
				CLANG_ENABLE_MODULES = YES;
				CLANG_ENABLE_OBJC_ARC = YES;
				CLANG_ENABLE_OBJC_WEAK = YES;
				CLANG_WARN_BLOCK_CAPTURE_AUTORELEASING = YES;
				CLANG_WARN_BOOL_CONVERSION = YES;
				CLANG_WARN_COMMA = YES;
				CLANG_WARN_CONSTANT_CONVERSION = YES;
				CLANG_WARN_DEPRECATED_OBJC_IMPLEMENTATIONS = YES;
				CLANG_WARN_DIRECT_OBJC_ISA_USAGE = YES_ERROR;
				CLANG_WARN_DOCUMENTATION_COMMENTS = YES;
				CLANG_WARN_EMPTY_BODY = YES;
				CLANG_WARN_ENUM_CONVERSION = YES;
				CLANG_WARN_INFINITE_RECURSION = YES;
				CLANG_WARN_INT_CONVERSION = YES;
				CLANG_WARN_NON_LITERAL_NULL_CONVERSION = YES;
				CLANG_WARN_OBJC_IMPLICIT_RETAIN_SELF = YES;
				CLANG_WARN_OBJC_LITERAL_CONVERSION = YES;
				CLANG_WARN_OBJC_ROOT_CLASS = YES_ERROR;
				CLANG_WARN_RANGE_LOOP_ANALYSIS = YES;
				CLANG_WARN_STRICT_PROTOTYPES = YES;
				CLANG_WARN_SUSPICIOUS_MOVE = YES;
				CLANG_WARN_UNGUARDED_AVAILABILITY = YES_AGGRESSIVE;
				CLANG_WARN_UNREACHABLE_CODE = YES;
				CLANG_WARN__DUPLICATE_METHOD_MATCH = YES;
				COPY_PHASE_STRIP = NO;
				DEBUG_INFORMATION_FORMAT = "dwarf-with-dsym";
				ENABLE_NS_ASSERTIONS = NO;
				ENABLE_STRICT_OBJC_MSGSEND = YES;
				GCC_C_LANGUAGE_STANDARD = gnu11;
				GCC_NO_COMMON_BLOCKS = YES;
				GCC_WARN_64_TO_32_BIT_CONVERSION = YES;
				GCC_WARN_ABOUT_RETURN_TYPE = YES_ERROR;
				GCC_WARN_UNDECLARED_SELECTOR = YES;
				GCC_WARN_UNINITIALIZED_AUTOS = YES_AGGRESSIVE;
				GCC_WARN_UNUSED_FUNCTION = YES;
				GCC_WARN_UNUSED_VARIABLE = YES;
				IPHONEOS_DEPLOYMENT_TARGET = 13.2;
				MTL_ENABLE_DEBUG_INFO = NO;
				MTL_FAST_MATH = YES;
				SDKROOT = iphoneos;
				SWIFT_COMPILATION_MODE = wholemodule;
				SWIFT_OPTIMIZATION_LEVEL = "-O";
				VALIDATE_PRODUCT = YES;
			};
			name = Release;
		};
		8C1CE7C924A233BD0010CBE4 /* Debug */ = {
			isa = XCBuildConfiguration;
			buildSettings = {
				ASSETCATALOG_COMPILER_APPICON_NAME = AppIcon;
				CODE_SIGN_STYLE = Automatic;
				DEVELOPMENT_TEAM = 98Q86G2644;
				INFOPLIST_FILE = Filters/Info.plist;
				LD_RUNPATH_SEARCH_PATHS = (
					"$(inherited)",
					"@executable_path/Frameworks",
				);
				PRODUCT_BUNDLE_IDENTIFIER = asm.Filters;
				PRODUCT_NAME = "$(TARGET_NAME)";
				SWIFT_VERSION = 5.0;
				TARGETED_DEVICE_FAMILY = "1,2";
			};
			name = Debug;
		};
		8C1CE7CA24A233BD0010CBE4 /* Release */ = {
			isa = XCBuildConfiguration;
			buildSettings = {
				ASSETCATALOG_COMPILER_APPICON_NAME = AppIcon;
				CODE_SIGN_STYLE = Automatic;
				DEVELOPMENT_TEAM = 98Q86G2644;
				INFOPLIST_FILE = Filters/Info.plist;
				LD_RUNPATH_SEARCH_PATHS = (
					"$(inherited)",
					"@executable_path/Frameworks",
				);
				PRODUCT_BUNDLE_IDENTIFIER = asm.Filters;
				PRODUCT_NAME = "$(TARGET_NAME)";
				SWIFT_VERSION = 5.0;
				TARGETED_DEVICE_FAMILY = "1,2";
			};
			name = Release;
		};
/* End XCBuildConfiguration section */

/* Begin XCConfigurationList section */
		8C1CE7AF24A233BC0010CBE4 /* Build configuration list for PBXProject "Filters" */ = {
			isa = XCConfigurationList;
			buildConfigurations = (
				8C1CE7C624A233BD0010CBE4 /* Debug */,
				8C1CE7C724A233BD0010CBE4 /* Release */,
			);
			defaultConfigurationIsVisible = 0;
			defaultConfigurationName = Release;
		};
		8C1CE7C824A233BD0010CBE4 /* Build configuration list for PBXNativeTarget "Filters" */ = {
			isa = XCConfigurationList;
			buildConfigurations = (
				8C1CE7C924A233BD0010CBE4 /* Debug */,
				8C1CE7CA24A233BD0010CBE4 /* Release */,
			);
			defaultConfigurationIsVisible = 0;
			defaultConfigurationName = Release;
		};
/* End XCConfigurationList section */
	};
	rootObject = 8C1CE7AC24A233BC0010CBE4 /* Project object */;
}
